
Microsoft Visual Studio Solution File, Format Version 12.00
# Visual Studio 15
VisualStudioVersion = 15.0.28307.1525
MinimumVisualStudioVersion = 10.0.40219.1
Project("{FAE04EC0-301F-11D3-BF4B-00C04F79EFBC}") = "ToDoAPI.API", "ToDoAPI.API\ToDoAPI.API.csproj", "{8C728FCF-6284-4C58-94E7-380A00CD1B38}"
EndProject
Project("{FAE04EC0-301F-11D3-BF4B-00C04F79EFBC}") = "ToDoAPI.DATA.EF", "ToDoAPI.DATA.EF\ToDoAPI.DATA.EF.csproj", "{B4EBB030-5E1A-41F0-807F-1111DA5FC9D2}"
EndProject
Global
	GlobalSection(SolutionConfigurationPlatforms) = preSolution
		Debug|Any CPU = Debug|Any CPU
		Release|Any CPU = Release|Any CPU
	EndGlobalSection
	GlobalSection(ProjectConfigurationPlatforms) = postSolution
		{8C728FCF-6284-4C58-94E7-380A00CD1B38}.Debug|Any CPU.ActiveCfg = Debug|Any CPU
		{8C728FCF-6284-4C58-94E7-380A00CD1B38}.Debug|Any CPU.Build.0 = Debug|Any CPU
		{8C728FCF-6284-4C58-94E7-380A00CD1B38}.Release|Any CPU.ActiveCfg = Release|Any CPU
		{8C728FCF-6284-4C58-94E7-380A00CD1B38}.Release|Any CPU.Build.0 = Release|Any CPU
		{B4EBB030-5E1A-41F0-807F-1111DA5FC9D2}.Debug|Any CPU.ActiveCfg = Debug|Any CPU
		{B4EBB030-5E1A-41F0-807F-1111DA5FC9D2}.Debug|Any CPU.Build.0 = Debug|Any CPU
		{B4EBB030-5E1A-41F0-807F-1111DA5FC9D2}.Release|Any CPU.ActiveCfg = Release|Any CPU
		{B4EBB030-5E1A-41F0-807F-1111DA5FC9D2}.Release|Any CPU.Build.0 = Release|Any CPU
	EndGlobalSection
	GlobalSection(SolutionProperties) = preSolution
		HideSolutionNode = FALSE
	EndGlobalSection
	GlobalSection(ExtensibilityGlobals) = postSolution
		SolutionGuid = {79B00396-7CF2-4C6A-AC4C-801F323B7765}
	EndGlobalSection
EndGlobal
